
Microsoft Visual Studio Solution File, Format Version 12.00
# Visual Studio Version 17
VisualStudioVersion = 17.0.32112.339
MinimumVisualStudioVersion = 10.0.40219.1
Project("{8BC9CEB8-8B4A-11D0-8D11-00A0C91BC942}") = "BOJ_1076", "BOJ_1076.vcxproj", "{E5354765-3D86-44C0-BD76-56C33C806509}"
EndProject
Global
	GlobalSection(SolutionConfigurationPlatforms) = preSolution
		Debug|x64 = Debug|x64
		Release|x64 = Release|x64
	EndGlobalSection
	GlobalSection(ProjectConfigurationPlatforms) = postSolution
		{E5354765-3D86-44C0-BD76-56C33C806509}.Debug|x64.ActiveCfg = Debug|x64
		{E5354765-3D86-44C0-BD76-56C33C806509}.Debug|x64.Build.0 = Debug|x64
		{E5354765-3D86-44C0-BD76-56C33C806509}.Release|x64.ActiveCfg = Release|x64
		{E5354765-3D86-44C0-BD76-56C33C806509}.Release|x64.Build.0 = Release|x64
	EndGlobalSection
	GlobalSection(SolutionProperties) = preSolution
		HideSolutionNode = FALSE
	EndGlobalSection
	GlobalSection(ExtensibilityGlobals) = postSolution
		SolutionGuid = {33CF2BE1-F978-45CF-BA65-78FE5374EC44}
	EndGlobalSection
EndGlobal
